// !$*UTF8*$!
{
	archiveVersion = 1;
	classes = {
	};
	objectVersion = 46;
	objects = {

/* Begin PBXBuildFile section */
		065B99C21DEFC91A0065ABA4 /* AppDelegate.swift in Sources */ = {isa = PBXBuildFile; fileRef = 065B99C11DEFC91A0065ABA4 /* AppDelegate.swift */; };
		065B99C41DEFC91A0065ABA4 /* ViewController.swift in Sources */ = {isa = PBXBuildFile; fileRef = 065B99C31DEFC91A0065ABA4 /* ViewController.swift */; };
		065B99C71DEFC91A0065ABA4 /* Main.storyboard in Resources */ = {isa = PBXBuildFile; fileRef = 065B99C51DEFC91A0065ABA4 /* Main.storyboard */; };
		065B99C91DEFC91A0065ABA4 /* Assets.xcassets in Resources */ = {isa = PBXBuildFile; fileRef = 065B99C81DEFC91A0065ABA4 /* Assets.xcassets */; };
		065B99CC1DEFC91A0065ABA4 /* LaunchScreen.storyboard in Resources */ = {isa = PBXBuildFile; fileRef = 065B99CA1DEFC91A0065ABA4 /* LaunchScreen.storyboard */; };
		065B99D41DEFC9340065ABA4 /* Jess.swift in Sources */ = {isa = PBXBuildFile; fileRef = 065B99D31DEFC9340065ABA4 /* Jess.swift */; };
		06E44C601DEFD9C10006E8ED /* CALayerExtension.swift in Sources */ = {isa = PBXBuildFile; fileRef = 06E44C5F1DEFD9C10006E8ED /* CALayerExtension.swift */; };
		06E44C661DEFE6280006E8ED /* UIViewExtension.swift in Sources */ = {isa = PBXBuildFile; fileRef = 06E44C651DEFE6280006E8ED /* UIViewExtension.swift */; };
		06E44C681DEFEB2C0006E8ED /* BundleExtension.swift in Sources */ = {isa = PBXBuildFile; fileRef = 06E44C671DEFEB2C0006E8ED /* BundleExtension.swift */; };
/* End PBXBuildFile section */

/* Begin PBXFileReference section */
		065B99BE1DEFC91A0065ABA4 /* Konami.app */ = {isa = PBXFileReference; explicitFileType = wrapper.application; includeInIndex = 0; path = Konami.app; sourceTree = BUILT_PRODUCTS_DIR; };
		065B99C11DEFC91A0065ABA4 /* AppDelegate.swift */ = {isa = PBXFileReference; lastKnownFileType = sourcecode.swift; path = AppDelegate.swift; sourceTree = "<group>"; };
		065B99C31DEFC91A0065ABA4 /* ViewController.swift */ = {isa = PBXFileReference; lastKnownFileType = sourcecode.swift; path = ViewController.swift; sourceTree = "<group>"; };
		065B99C61DEFC91A0065ABA4 /* Base */ = {isa = PBXFileReference; lastKnownFileType = file.storyboard; name = Base; path = Base.lproj/Main.storyboard; sourceTree = "<group>"; };
		065B99C81DEFC91A0065ABA4 /* Assets.xcassets */ = {isa = PBXFileReference; lastKnownFileType = folder.assetcatalog; path = Assets.xcassets; sourceTree = "<group>"; };
		065B99CB1DEFC91A0065ABA4 /* Base */ = {isa = PBXFileReference; lastKnownFileType = file.storyboard; name = Base; path = Base.lproj/LaunchScreen.storyboard; sourceTree = "<group>"; };
		065B99CD1DEFC91A0065ABA4 /* Info.plist */ = {isa = PBXFileReference; lastKnownFileType = text.plist.xml; path = Info.plist; sourceTree = "<group>"; };
		065B99D31DEFC9340065ABA4 /* Jess.swift */ = {isa = PBXFileReference; fileEncoding = 4; lastKnownFileType = sourcecode.swift; path = Jess.swift; sourceTree = "<group>"; };
		06E44C5F1DEFD9C10006E8ED /* CALayerExtension.swift */ = {isa = PBXFileReference; fileEncoding = 4; lastKnownFileType = sourcecode.swift; path = CALayerExtension.swift; sourceTree = "<group>"; };
		06E44C651DEFE6280006E8ED /* UIViewExtension.swift */ = {isa = PBXFileReference; fileEncoding = 4; lastKnownFileType = sourcecode.swift; path = UIViewExtension.swift; sourceTree = "<group>"; };
		06E44C671DEFEB2C0006E8ED /* BundleExtension.swift */ = {isa = PBXFileReference; fileEncoding = 4; lastKnownFileType = sourcecode.swift; path = BundleExtension.swift; sourceTree = "<group>"; };
/* End PBXFileReference section */

/* Begin PBXFrameworksBuildPhase section */
		065B99BB1DEFC91A0065ABA4 /* Frameworks */ = {
			isa = PBXFrameworksBuildPhase;
			buildActionMask = 2147483647;
			files = (
			);
			runOnlyForDeploymentPostprocessing = 0;
		};
/* End PBXFrameworksBuildPhase section */

/* Begin PBXGroup section */
		065B99B51DEFC91A0065ABA4 = {
			isa = PBXGroup;
			children = (
				065B99C01DEFC91A0065ABA4 /* Konami */,
				065B99BF1DEFC91A0065ABA4 /* Products */,
			);
			sourceTree = "<group>";
		};
		065B99BF1DEFC91A0065ABA4 /* Products */ = {
			isa = PBXGroup;
			children = (
				065B99BE1DEFC91A0065ABA4 /* Konami.app */,
			);
			name = Products;
			sourceTree = "<group>";
		};
		065B99C01DEFC91A0065ABA4 /* Konami */ = {
			isa = PBXGroup;
			children = (
				065B99C11DEFC91A0065ABA4 /* AppDelegate.swift */,
				065B99C31DEFC91A0065ABA4 /* ViewController.swift */,
				065B99D31DEFC9340065ABA4 /* Jess.swift */,
				06E44C651DEFE6280006E8ED /* UIViewExtension.swift */,
				06E44C5F1DEFD9C10006E8ED /* CALayerExtension.swift */,
				06E44C671DEFEB2C0006E8ED /* BundleExtension.swift */,
				065B99C51DEFC91A0065ABA4 /* Main.storyboard */,
				065B99C81DEFC91A0065ABA4 /* Assets.xcassets */,
				065B99CA1DEFC91A0065ABA4 /* LaunchScreen.storyboard */,
				065B99CD1DEFC91A0065ABA4 /* Info.plist */,
			);
			path = Konami;
			sourceTree = "<group>";
		};
/* End PBXGroup section */

/* Begin PBXNativeTarget section */
		065B99BD1DEFC91A0065ABA4 /* Konami */ = {
			isa = PBXNativeTarget;
			buildConfigurationList = 065B99D01DEFC91A0065ABA4 /* Build configuration list for PBXNativeTarget "Konami" */;
			buildPhases = (
				06AF3D021DF0ED120055301A /* Konami Mode */,
				065B99BA1DEFC91A0065ABA4 /* Sources */,
				065B99BB1DEFC91A0065ABA4 /* Frameworks */,
				065B99BC1DEFC91A0065ABA4 /* Resources */,
			);
			buildRules = (
			);
			dependencies = (
			);
			name = Konami;
			productName = Konami;
			productReference = 065B99BE1DEFC91A0065ABA4 /* Konami.app */;
			productType = "com.apple.product-type.application";
		};
/* End PBXNativeTarget section */

/* Begin PBXProject section */
		065B99B61DEFC91A0065ABA4 /* Project object */ = {
			isa = PBXProject;
			attributes = {
				LastSwiftUpdateCheck = 0810;
				LastUpgradeCheck = 0810;
				ORGANIZATIONNAME = Ben;
				TargetAttributes = {
					065B99BD1DEFC91A0065ABA4 = {
						CreatedOnToolsVersion = 8.1;
						DevelopmentTeam = 44QVK8YH84;
						ProvisioningStyle = Automatic;
					};
				};
			};
			buildConfigurationList = 065B99B91DEFC91A0065ABA4 /* Build configuration list for PBXProject "Konami" */;
			compatibilityVersion = "Xcode 3.2";
			developmentRegion = English;
			hasScannedForEncodings = 0;
			knownRegions = (
				en,
				Base,
			);
			mainGroup = 065B99B51DEFC91A0065ABA4;
			productRefGroup = 065B99BF1DEFC91A0065ABA4 /* Products */;
			projectDirPath = "";
			projectRoot = "";
			targets = (
				065B99BD1DEFC91A0065ABA4 /* Konami */,
			);
		};
/* End PBXProject section */

/* Begin PBXResourcesBuildPhase section */
		065B99BC1DEFC91A0065ABA4 /* Resources */ = {
			isa = PBXResourcesBuildPhase;
			buildActionMask = 2147483647;
			files = (
				065B99CC1DEFC91A0065ABA4 /* LaunchScreen.storyboard in Resources */,
				065B99C91DEFC91A0065ABA4 /* Assets.xcassets in Resources */,
				065B99C71DEFC91A0065ABA4 /* Main.storyboard in Resources */,
			);
			runOnlyForDeploymentPostprocessing = 0;
		};
/* End PBXResourcesBuildPhase section */

/* Begin PBXShellScriptBuildPhase section */
		06AF3D021DF0ED120055301A /* Konami Mode */ = {
			isa = PBXShellScriptBuildPhase;
			buildActionMask = 2147483647;
			files = (
			);
			inputPaths = (
			);
			name = "Konami Mode";
			outputPaths = (
			);
			runOnlyForDeploymentPostprocessing = 0;
			shellPath = /bin/sh;
			shellScript = "INFOPLISTPATH=\"$PROJECT_DIR/Konami/Info.plist\"\n\necho \"ジェスを設定中\"\n/usr/libexec/PlistBuddy -c \"Delete :JessActive\" \"$INFOPLISTPATH\"\n/usr/libexec/PlistBuddy -c \"Add :JessActive bool false\" \"$INFOPLISTPATH\"";
		};
/* End PBXShellScriptBuildPhase section */

/* Begin PBXSourcesBuildPhase section */
		065B99BA1DEFC91A0065ABA4 /* Sources */ = {
			isa = PBXSourcesBuildPhase;
			buildActionMask = 2147483647;
			files = (
				065B99D41DEFC9340065ABA4 /* Jess.swift in Sources */,
				065B99C41DEFC91A0065ABA4 /* ViewController.swift in Sources */,
				065B99C21DEFC91A0065ABA4 /* AppDelegate.swift in Sources */,
				06E44C681DEFEB2C0006E8ED /* BundleExtension.swift in Sources */,
				06E44C601DEFD9C10006E8ED /* CALayerExtension.swift in Sources */,
				06E44C661DEFE6280006E8ED /* UIViewExtension.swift in Sources */,
			);
			runOnlyForDeploymentPostprocessing = 0;
		};
/* End PBXSourcesBuildPhase section */

/* Begin PBXVariantGroup section */
		065B99C51DEFC91A0065ABA4 /* Main.storyboard */ = {
			isa = PBXVariantGroup;
			children = (
				065B99C61DEFC91A0065ABA4 /* Base */,
			);
			name = Main.storyboard;
			sourceTree = "<group>";
		};
		065B99CA1DEFC91A0065ABA4 /* LaunchScreen.storyboard */ = {
			isa = PBXVariantGroup;
			children = (
				065B99CB1DEFC91A0065ABA4 /* Base */,
			);
			name = LaunchScreen.storyboard;
			sourceTree = "<group>";
		};
/* End PBXVariantGroup section */

/* Begin XCBuildConfiguration section */
		065B99CE1DEFC91A0065ABA4 /* Debug */ = {
			isa = XCBuildConfiguration;
			buildSettings = {
				ALWAYS_SEARCH_USER_PATHS = NO;
				CLANG_ANALYZER_NONNULL = YES;
				CLANG_CXX_LANGUAGE_STANDARD = "gnu++0x";
				CLANG_CXX_LIBRARY = "libc++";
				CLANG_ENABLE_MODULES = YES;
				CLANG_ENABLE_OBJC_ARC = YES;
				CLANG_WARN_BOOL_CONVERSION = YES;
				CLANG_WARN_CONSTANT_CONVERSION = YES;
				CLANG_WARN_DIRECT_OBJC_ISA_USAGE = YES_ERROR;
				CLANG_WARN_DOCUMENTATION_COMMENTS = YES;
				CLANG_WARN_EMPTY_BODY = YES;
				CLANG_WARN_ENUM_CONVERSION = YES;
				CLANG_WARN_INFINITE_RECURSION = YES;
				CLANG_WARN_INT_CONVERSION = YES;
				CLANG_WARN_OBJC_ROOT_CLASS = YES_ERROR;
				CLANG_WARN_SUSPICIOUS_MOVES = YES;
				CLANG_WARN_UNREACHABLE_CODE = YES;
				CLANG_WARN__DUPLICATE_METHOD_MATCH = YES;
				"CODE_SIGN_IDENTITY[sdk=iphoneos*]" = "iPhone Developer";
				COPY_PHASE_STRIP = NO;
				DEBUG_INFORMATION_FORMAT = dwarf;
				ENABLE_STRICT_OBJC_MSGSEND = YES;
				ENABLE_TESTABILITY = YES;
				GCC_C_LANGUAGE_STANDARD = gnu99;
				GCC_DYNAMIC_NO_PIC = NO;
				GCC_NO_COMMON_BLOCKS = YES;
				GCC_OPTIMIZATION_LEVEL = 0;
				GCC_PREPROCESSOR_DEFINITIONS = (
					"DEBUG=1",
					"$(inherited)",
				);
				GCC_WARN_64_TO_32_BIT_CONVERSION = YES;
				GCC_WARN_ABOUT_RETURN_TYPE = YES_ERROR;
				GCC_WARN_UNDECLARED_SELECTOR = YES;
				GCC_WARN_UNINITIALIZED_AUTOS = YES_AGGRESSIVE;
				GCC_WARN_UNUSED_FUNCTION = YES;
				GCC_WARN_UNUSED_VARIABLE = YES;
				IPHONEOS_DEPLOYMENT_TARGET = 10.1;
				MTL_ENABLE_DEBUG_INFO = YES;
				ONLY_ACTIVE_ARCH = YES;
				SDKROOT = iphoneos;
				SWIFT_ACTIVE_COMPILATION_CONDITIONS = DEBUG;
				SWIFT_OPTIMIZATION_LEVEL = "-Onone";
			};
			name = Debug;
		};
		065B99CF1DEFC91A0065ABA4 /* Release */ = {
			isa = XCBuildConfiguration;
			buildSettings = {
				ALWAYS_SEARCH_USER_PATHS = NO;
				CLANG_ANALYZER_NONNULL = YES;
				CLANG_CXX_LANGUAGE_STANDARD = "gnu++0x";
				CLANG_CXX_LIBRARY = "libc++";
				CLANG_ENABLE_MODULES = YES;
				CLANG_ENABLE_OBJC_ARC = YES;
				CLANG_WARN_BOOL_CONVERSION = YES;
				CLANG_WARN_CONSTANT_CONVERSION = YES;
				CLANG_WARN_DIRECT_OBJC_ISA_USAGE = YES_ERROR;
				CLANG_WARN_DOCUMENTATION_COMMENTS = YES;
				CLANG_WARN_EMPTY_BODY = YES;
				CLANG_WARN_ENUM_CONVERSION = YES;
				CLANG_WARN_INFINITE_RECURSION = YES;
				CLANG_WARN_INT_CONVERSION = YES;
				CLANG_WARN_OBJC_ROOT_CLASS = YES_ERROR;
				CLANG_WARN_SUSPICIOUS_MOVES = YES;
				CLANG_WARN_UNREACHABLE_CODE = YES;
				CLANG_WARN__DUPLICATE_METHOD_MATCH = YES;
				"CODE_SIGN_IDENTITY[sdk=iphoneos*]" = "iPhone Developer";
				COPY_PHASE_STRIP = NO;
				DEBUG_INFORMATION_FORMAT = "dwarf-with-dsym";
				ENABLE_NS_ASSERTIONS = NO;
				ENABLE_STRICT_OBJC_MSGSEND = YES;
				GCC_C_LANGUAGE_STANDARD = gnu99;
				GCC_NO_COMMON_BLOCKS = YES;
				GCC_WARN_64_TO_32_BIT_CONVERSION = YES;
				GCC_WARN_ABOUT_RETURN_TYPE = YES_ERROR;
				GCC_WARN_UNDECLARED_SELECTOR = YES;
				GCC_WARN_UNINITIALIZED_AUTOS = YES_AGGRESSIVE;
				GCC_WARN_UNUSED_FUNCTION = YES;
				GCC_WARN_UNUSED_VARIABLE = YES;
				IPHONEOS_DEPLOYMENT_TARGET = 10.1;
				MTL_ENABLE_DEBUG_INFO = NO;
				SDKROOT = iphoneos;
				SWIFT_OPTIMIZATION_LEVEL = "-Owholemodule";
				VALIDATE_PRODUCT = YES;
			};
			name = Release;
		};
		065B99D11DEFC91A0065ABA4 /* Debug */ = {
			isa = XCBuildConfiguration;
			buildSettings = {
				ASSETCATALOG_COMPILER_APPICON_NAME = AppIcon;
				DEVELOPMENT_TEAM = 44QVK8YH84;
				GCC_PREPROCESSOR_DEFINITIONS = "$(inherited)";
				INFOPLIST_FILE = Konami/Info.plist;
				LD_RUNPATH_SEARCH_PATHS = "$(inherited) @executable_path/Frameworks";
				PRODUCT_BUNDLE_IDENTIFIER = com.jtribe.Konami;
				PRODUCT_NAME = "$(TARGET_NAME)";
				SWIFT_VERSION = 3.0;
			};
			name = Debug;
		};
		065B99D21DEFC91A0065ABA4 /* Release */ = {
			isa = XCBuildConfiguration;
			buildSettings = {
				ASSETCATALOG_COMPILER_APPICON_NAME = AppIcon;
				DEVELOPMENT_TEAM = 44QVK8YH84;
				INFOPLIST_FILE = Konami/Info.plist;
				LD_RUNPATH_SEARCH_PATHS = "$(inherited) @executable_path/Frameworks";
				PRODUCT_BUNDLE_IDENTIFIER = com.jtribe.Konami;
				PRODUCT_NAME = "$(TARGET_NAME)";
				SWIFT_VERSION = 3.0;
			};
			name = Release;
		};
/* End XCBuildConfiguration section */

/* Begin XCConfigurationList section */
		065B99B91DEFC91A0065ABA4 /* Build configuration list for PBXProject "Konami" */ = {
			isa = XCConfigurationList;
			buildConfigurations = (
				065B99CE1DEFC91A0065ABA4 /* Debug */,
				065B99CF1DEFC91A0065ABA4 /* Release */,
			);
			defaultConfigurationIsVisible = 0;
			defaultConfigurationName = Release;
		};
		065B99D01DEFC91A0065ABA4 /* Build configuration list for PBXNativeTarget "Konami" */ = {
			isa = XCConfigurationList;
			buildConfigurations = (
				065B99D11DEFC91A0065ABA4 /* Debug */,
				065B99D21DEFC91A0065ABA4 /* Release */,
			);
			defaultConfigurationIsVisible = 0;
			defaultConfigurationName = Release;
		};
/* End XCConfigurationList section */
	};
	rootObject = 065B99B61DEFC91A0065ABA4 /* Project object */;
}
